
Microsoft Visual Studio Solution File, Format Version 12.00
# Visual Studio Version 16
VisualStudioVersion = 16.0.31515.178
MinimumVisualStudioVersion = 10.0.40219.1
Project("{FAE04EC0-301F-11D3-BF4B-00C04F79EFBC}") = "HomeApp", "HomeApp.csproj", "{8701C6D8-6311-41F6-92CF-6F9F8353A8DB}"
EndProject
Global
	GlobalSection(SolutionConfigurationPlatforms) = preSolution
		Debug|Any CPU = Debug|Any CPU
		Release|Any CPU = Release|Any CPU
	EndGlobalSection
	GlobalSection(ProjectConfigurationPlatforms) = postSolution
		{8701C6D8-6311-41F6-92CF-6F9F8353A8DB}.Debug|Any CPU.ActiveCfg = Debug|Any CPU
		{8701C6D8-6311-41F6-92CF-6F9F8353A8DB}.Debug|Any CPU.Build.0 = Debug|Any CPU
		{8701C6D8-6311-41F6-92CF-6F9F8353A8DB}.Release|Any CPU.ActiveCfg = Release|Any CPU
		{8701C6D8-6311-41F6-92CF-6F9F8353A8DB}.Release|Any CPU.Build.0 = Release|Any CPU
	EndGlobalSection
	GlobalSection(SolutionProperties) = preSolution
		HideSolutionNode = FALSE
	EndGlobalSection
	GlobalSection(ExtensibilityGlobals) = postSolution
		SolutionGuid = {C6FF4C4A-E5DA-46E6-8E31-D9DCC6830062}
	EndGlobalSection
EndGlobal
